<?xml version="1.0" encoding="utf-8"?>
<Project ToolsVersion="16.0" xmlns="http://schemas.microsoft.com/developer/msbuild/2003">
  <ItemGroup>
    <CustomBuild Include="D:\Software\QT\SFML-2.5.1\CMakeFiles\eaa7de7f6be4c8a1e3cb4213db021f27\INSTALL_force.rule">
      <Filter>CMake Rules</Filter>
    </CustomBuild>
  </ItemGroup>
  <ItemGroup>
    <Filter Include="CMake Rules">
      <UniqueIdentifier>{0F35FFCF-2AEC-32CA-9875-1042EBB417C2}</UniqueIdentifier>
    </Filter>
  </ItemGroup>
</Project>
