
Microsoft Visual Studio Solution File, Format Version 12.00
# Visual Studio Version 16
VisualStudioVersion = 16.0.29613.14
MinimumVisualStudioVersion = 10.0.40219.1
Project("{2150E333-8FDC-42A3-9474-1A3956D46DE8}") = "CMake", "CMake", "{36F40851-485D-3587-9E2E-9C1610BDE4D6}"
EndProject
Project("{2150E333-8FDC-42A3-9474-1A3956D46DE8}") = "SFML", "SFML", "{6EFF22AE-9FB9-3BA0-B5CF-6216D4A22922}"
EndProject
Project("{8BC9CEB8-8B4A-11D0-8D11-00A0C91BC942}") = "ALL_BUILD", "ALL_BUILD.vcxproj", "{29FA447F-814D-3496-8400-05FE5ABB909F}"
	ProjectSection(ProjectDependencies) = postProject
		{033F0C9C-F56A-3992-9D3F-16326D47AB2C} = {033F0C9C-F56A-3992-9D3F-16326D47AB2C}
		{BE4B99D2-C655-305F-B00B-88DE088D2554} = {BE4B99D2-C655-305F-B00B-88DE088D2554}
		{2C14178D-6460-39AD-9A36-2042CB72F3AB} = {2C14178D-6460-39AD-9A36-2042CB72F3AB}
		{08399401-E76B-39A2-A36C-6EE7AE0CDAB3} = {08399401-E76B-39A2-A36C-6EE7AE0CDAB3}
		{603AD670-0701-3558-BE7F-C5BA0C8BF8F2} = {603AD670-0701-3558-BE7F-C5BA0C8BF8F2}
		{6E10E4E5-0E1B-31D6-86C8-4AF1A10CE583} = {6E10E4E5-0E1B-31D6-86C8-4AF1A10CE583}
		{C32CFC85-D4C2-3A9F-AB39-2D19117C1F72} = {C32CFC85-D4C2-3A9F-AB39-2D19117C1F72}
	EndProjectSection
EndProject
Project("{8BC9CEB8-8B4A-11D0-8D11-00A0C91BC942}") = "INSTALL", "INSTALL.vcxproj", "{B5474219-AD36-3440-9090-8610E46AC01E}"
	ProjectSection(ProjectDependencies) = postProject
		{29FA447F-814D-3496-8400-05FE5ABB909F} = {29FA447F-814D-3496-8400-05FE5ABB909F}
		{033F0C9C-F56A-3992-9D3F-16326D47AB2C} = {033F0C9C-F56A-3992-9D3F-16326D47AB2C}
	EndProjectSection
EndProject
Project("{8BC9CEB8-8B4A-11D0-8D11-00A0C91BC942}") = "ZERO_CHECK", "ZERO_CHECK.vcxproj", "{033F0C9C-F56A-3992-9D3F-16326D47AB2C}"
EndProject
Project("{8BC9CEB8-8B4A-11D0-8D11-00A0C91BC942}") = "sfml-audio", "src\SFML\Audio\sfml-audio.vcxproj", "{BE4B99D2-C655-305F-B00B-88DE088D2554}"
	ProjectSection(ProjectDependencies) = postProject
		{033F0C9C-F56A-3992-9D3F-16326D47AB2C} = {033F0C9C-F56A-3992-9D3F-16326D47AB2C}
		{6E10E4E5-0E1B-31D6-86C8-4AF1A10CE583} = {6E10E4E5-0E1B-31D6-86C8-4AF1A10CE583}
	EndProjectSection
EndProject
Project("{8BC9CEB8-8B4A-11D0-8D11-00A0C91BC942}") = "sfml-graphics", "src\SFML\Graphics\sfml-graphics.vcxproj", "{2C14178D-6460-39AD-9A36-2042CB72F3AB}"
	ProjectSection(ProjectDependencies) = postProject
		{033F0C9C-F56A-3992-9D3F-16326D47AB2C} = {033F0C9C-F56A-3992-9D3F-16326D47AB2C}
		{6E10E4E5-0E1B-31D6-86C8-4AF1A10CE583} = {6E10E4E5-0E1B-31D6-86C8-4AF1A10CE583}
		{C32CFC85-D4C2-3A9F-AB39-2D19117C1F72} = {C32CFC85-D4C2-3A9F-AB39-2D19117C1F72}
	EndProjectSection
EndProject
Project("{8BC9CEB8-8B4A-11D0-8D11-00A0C91BC942}") = "sfml-main", "src\SFML\Main\sfml-main.vcxproj", "{08399401-E76B-39A2-A36C-6EE7AE0CDAB3}"
	ProjectSection(ProjectDependencies) = postProject
		{033F0C9C-F56A-3992-9D3F-16326D47AB2C} = {033F0C9C-F56A-3992-9D3F-16326D47AB2C}
	EndProjectSection
EndProject
Project("{8BC9CEB8-8B4A-11D0-8D11-00A0C91BC942}") = "sfml-network", "src\SFML\Network\sfml-network.vcxproj", "{603AD670-0701-3558-BE7F-C5BA0C8BF8F2}"
	ProjectSection(ProjectDependencies) = postProject
		{033F0C9C-F56A-3992-9D3F-16326D47AB2C} = {033F0C9C-F56A-3992-9D3F-16326D47AB2C}
		{6E10E4E5-0E1B-31D6-86C8-4AF1A10CE583} = {6E10E4E5-0E1B-31D6-86C8-4AF1A10CE583}
	EndProjectSection
EndProject
Project("{8BC9CEB8-8B4A-11D0-8D11-00A0C91BC942}") = "sfml-system", "src\SFML\System\sfml-system.vcxproj", "{6E10E4E5-0E1B-31D6-86C8-4AF1A10CE583}"
	ProjectSection(ProjectDependencies) = postProject
		{033F0C9C-F56A-3992-9D3F-16326D47AB2C} = {033F0C9C-F56A-3992-9D3F-16326D47AB2C}
	EndProjectSection
EndProject
Project("{8BC9CEB8-8B4A-11D0-8D11-00A0C91BC942}") = "sfml-window", "src\SFML\Window\sfml-window.vcxproj", "{C32CFC85-D4C2-3A9F-AB39-2D19117C1F72}"
	ProjectSection(ProjectDependencies) = postProject
		{033F0C9C-F56A-3992-9D3F-16326D47AB2C} = {033F0C9C-F56A-3992-9D3F-16326D47AB2C}
		{6E10E4E5-0E1B-31D6-86C8-4AF1A10CE583} = {6E10E4E5-0E1B-31D6-86C8-4AF1A10CE583}
	EndProjectSection
EndProject
Global
	GlobalSection(SolutionConfigurationPlatforms) = preSolution
		Debug|Win32 = Debug|Win32
		Debug|x64 = Debug|x64
		MinSizeRel|Win32 = MinSizeRel|Win32
		MinSizeRel|x64 = MinSizeRel|x64
		Release|Win32 = Release|Win32
		Release|x64 = Release|x64
		RelWithDebInfo|Win32 = RelWithDebInfo|Win32
		RelWithDebInfo|x64 = RelWithDebInfo|x64
	EndGlobalSection
	GlobalSection(ProjectConfigurationPlatforms) = postSolution
		{29FA447F-814D-3496-8400-05FE5ABB909F}.Debug|Win32.ActiveCfg = Debug|x64
		{29FA447F-814D-3496-8400-05FE5ABB909F}.Debug|Win32.Build.0 = Debug|x64
		{29FA447F-814D-3496-8400-05FE5ABB909F}.Debug|x64.ActiveCfg = Debug|x64
		{29FA447F-814D-3496-8400-05FE5ABB909F}.Debug|x64.Build.0 = Debug|x64
		{29FA447F-814D-3496-8400-05FE5ABB909F}.MinSizeRel|Win32.ActiveCfg = MinSizeRel|x64
		{29FA447F-814D-3496-8400-05FE5ABB909F}.MinSizeRel|Win32.Build.0 = MinSizeRel|x64
		{29FA447F-814D-3496-8400-05FE5ABB909F}.MinSizeRel|x64.ActiveCfg = MinSizeRel|x64
		{29FA447F-814D-3496-8400-05FE5ABB909F}.MinSizeRel|x64.Build.0 = MinSizeRel|x64
		{29FA447F-814D-3496-8400-05FE5ABB909F}.Release|Win32.ActiveCfg = Release|x64
		{29FA447F-814D-3496-8400-05FE5ABB909F}.Release|Win32.Build.0 = Release|x64
		{29FA447F-814D-3496-8400-05FE5ABB909F}.Release|x64.ActiveCfg = Release|x64
		{29FA447F-814D-3496-8400-05FE5ABB909F}.Release|x64.Build.0 = Release|x64
		{29FA447F-814D-3496-8400-05FE5ABB909F}.RelWithDebInfo|Win32.ActiveCfg = RelWithDebInfo|x64
		{29FA447F-814D-3496-8400-05FE5ABB909F}.RelWithDebInfo|Win32.Build.0 = RelWithDebInfo|x64
		{29FA447F-814D-3496-8400-05FE5ABB909F}.RelWithDebInfo|x64.ActiveCfg = RelWithDebInfo|x64
		{29FA447F-814D-3496-8400-05FE5ABB909F}.RelWithDebInfo|x64.Build.0 = RelWithDebInfo|x64
		{B5474219-AD36-3440-9090-8610E46AC01E}.Debug|Win32.ActiveCfg = Debug|x64
		{B5474219-AD36-3440-9090-8610E46AC01E}.Debug|x64.ActiveCfg = Debug|x64
		{B5474219-AD36-3440-9090-8610E46AC01E}.MinSizeRel|Win32.ActiveCfg = MinSizeRel|x64
		{B5474219-AD36-3440-9090-8610E46AC01E}.MinSizeRel|x64.ActiveCfg = MinSizeRel|x64
		{B5474219-AD36-3440-9090-8610E46AC01E}.Release|Win32.ActiveCfg = Release|x64
		{B5474219-AD36-3440-9090-8610E46AC01E}.Release|x64.ActiveCfg = Release|x64
		{B5474219-AD36-3440-9090-8610E46AC01E}.RelWithDebInfo|Win32.ActiveCfg = RelWithDebInfo|x64
		{B5474219-AD36-3440-9090-8610E46AC01E}.RelWithDebInfo|x64.ActiveCfg = RelWithDebInfo|x64
		{033F0C9C-F56A-3992-9D3F-16326D47AB2C}.Debug|Win32.ActiveCfg = Debug|x64
		{033F0C9C-F56A-3992-9D3F-16326D47AB2C}.Debug|Win32.Build.0 = Debug|x64
		{033F0C9C-F56A-3992-9D3F-16326D47AB2C}.Debug|x64.ActiveCfg = Debug|x64
		{033F0C9C-F56A-3992-9D3F-16326D47AB2C}.Debug|x64.Build.0 = Debug|x64
		{033F0C9C-F56A-3992-9D3F-16326D47AB2C}.MinSizeRel|Win32.ActiveCfg = MinSizeRel|x64
		{033F0C9C-F56A-3992-9D3F-16326D47AB2C}.MinSizeRel|Win32.Build.0 = MinSizeRel|x64
		{033F0C9C-F56A-3992-9D3F-16326D47AB2C}.MinSizeRel|x64.ActiveCfg = MinSizeRel|x64
		{033F0C9C-F56A-3992-9D3F-16326D47AB2C}.MinSizeRel|x64.Build.0 = MinSizeRel|x64
		{033F0C9C-F56A-3992-9D3F-16326D47AB2C}.Release|Win32.ActiveCfg = Release|x64
		{033F0C9C-F56A-3992-9D3F-16326D47AB2C}.Release|Win32.Build.0 = Release|x64
		{033F0C9C-F56A-3992-9D3F-16326D47AB2C}.Release|x64.ActiveCfg = Release|x64
		{033F0C9C-F56A-3992-9D3F-16326D47AB2C}.Release|x64.Build.0 = Release|x64
		{033F0C9C-F56A-3992-9D3F-16326D47AB2C}.RelWithDebInfo|Win32.ActiveCfg = RelWithDebInfo|x64
		{033F0C9C-F56A-3992-9D3F-16326D47AB2C}.RelWithDebInfo|Win32.Build.0 = RelWithDebInfo|x64
		{033F0C9C-F56A-3992-9D3F-16326D47AB2C}.RelWithDebInfo|x64.ActiveCfg = RelWithDebInfo|x64
		{033F0C9C-F56A-3992-9D3F-16326D47AB2C}.RelWithDebInfo|x64.Build.0 = RelWithDebInfo|x64
		{BE4B99D2-C655-305F-B00B-88DE088D2554}.Debug|Win32.ActiveCfg = Debug|x64
		{BE4B99D2-C655-305F-B00B-88DE088D2554}.Debug|Win32.Build.0 = Debug|x64
		{BE4B99D2-C655-305F-B00B-88DE088D2554}.Debug|x64.ActiveCfg = Debug|x64
		{BE4B99D2-C655-305F-B00B-88DE088D2554}.Debug|x64.Build.0 = Debug|x64
		{BE4B99D2-C655-305F-B00B-88DE088D2554}.MinSizeRel|Win32.ActiveCfg = MinSizeRel|x64
		{BE4B99D2-C655-305F-B00B-88DE088D2554}.MinSizeRel|Win32.Build.0 = MinSizeRel|x64
		{BE4B99D2-C655-305F-B00B-88DE088D2554}.MinSizeRel|x64.ActiveCfg = MinSizeRel|x64
		{BE4B99D2-C655-305F-B00B-88DE088D2554}.MinSizeRel|x64.Build.0 = MinSizeRel|x64
		{BE4B99D2-C655-305F-B00B-88DE088D2554}.Release|Win32.ActiveCfg = Release|x64
		{BE4B99D2-C655-305F-B00B-88DE088D2554}.Release|Win32.Build.0 = Release|x64
		{BE4B99D2-C655-305F-B00B-88DE088D2554}.Release|x64.ActiveCfg = Release|x64
		{BE4B99D2-C655-305F-B00B-88DE088D2554}.Release|x64.Build.0 = Release|x64
		{BE4B99D2-C655-305F-B00B-88DE088D2554}.RelWithDebInfo|Win32.ActiveCfg = RelWithDebInfo|x64
		{BE4B99D2-C655-305F-B00B-88DE088D2554}.RelWithDebInfo|Win32.Build.0 = RelWithDebInfo|x64
		{BE4B99D2-C655-305F-B00B-88DE088D2554}.RelWithDebInfo|x64.ActiveCfg = RelWithDebInfo|x64
		{BE4B99D2-C655-305F-B00B-88DE088D2554}.RelWithDebInfo|x64.Build.0 = RelWithDebInfo|x64
		{2C14178D-6460-39AD-9A36-2042CB72F3AB}.Debug|Win32.ActiveCfg = Debug|x64
		{2C14178D-6460-39AD-9A36-2042CB72F3AB}.Debug|Win32.Build.0 = Debug|x64
		{2C14178D-6460-39AD-9A36-2042CB72F3AB}.Debug|x64.ActiveCfg = Debug|x64
		{2C14178D-6460-39AD-9A36-2042CB72F3AB}.Debug|x64.Build.0 = Debug|x64
		{2C14178D-6460-39AD-9A36-2042CB72F3AB}.MinSizeRel|Win32.ActiveCfg = MinSizeRel|x64
		{2C14178D-6460-39AD-9A36-2042CB72F3AB}.MinSizeRel|Win32.Build.0 = MinSizeRel|x64
		{2C14178D-6460-39AD-9A36-2042CB72F3AB}.MinSizeRel|x64.ActiveCfg = MinSizeRel|x64
		{2C14178D-6460-39AD-9A36-2042CB72F3AB}.MinSizeRel|x64.Build.0 = MinSizeRel|x64
		{2C14178D-6460-39AD-9A36-2042CB72F3AB}.Release|Win32.ActiveCfg = Release|x64
		{2C14178D-6460-39AD-9A36-2042CB72F3AB}.Release|Win32.Build.0 = Release|x64
		{2C14178D-6460-39AD-9A36-2042CB72F3AB}.Release|x64.ActiveCfg = Release|x64
		{2C14178D-6460-39AD-9A36-2042CB72F3AB}.Release|x64.Build.0 = Release|x64
		{2C14178D-6460-39AD-9A36-2042CB72F3AB}.RelWithDebInfo|Win32.ActiveCfg = RelWithDebInfo|x64
		{2C14178D-6460-39AD-9A36-2042CB72F3AB}.RelWithDebInfo|Win32.Build.0 = RelWithDebInfo|x64
		{2C14178D-6460-39AD-9A36-2042CB72F3AB}.RelWithDebInfo|x64.ActiveCfg = RelWithDebInfo|x64
		{2C14178D-6460-39AD-9A36-2042CB72F3AB}.RelWithDebInfo|x64.Build.0 = RelWithDebInfo|x64
		{08399401-E76B-39A2-A36C-6EE7AE0CDAB3}.Debug|Win32.ActiveCfg = Debug|x64
		{08399401-E76B-39A2-A36C-6EE7AE0CDAB3}.Debug|Win32.Build.0 = Debug|x64
		{08399401-E76B-39A2-A36C-6EE7AE0CDAB3}.Debug|x64.ActiveCfg = Debug|x64
		{08399401-E76B-39A2-A36C-6EE7AE0CDAB3}.Debug|x64.Build.0 = Debug|x64
		{08399401-E76B-39A2-A36C-6EE7AE0CDAB3}.MinSizeRel|Win32.ActiveCfg = MinSizeRel|x64
		{08399401-E76B-39A2-A36C-6EE7AE0CDAB3}.MinSizeRel|Win32.Build.0 = MinSizeRel|x64
		{08399401-E76B-39A2-A36C-6EE7AE0CDAB3}.MinSizeRel|x64.ActiveCfg = MinSizeRel|x64
		{08399401-E76B-39A2-A36C-6EE7AE0CDAB3}.MinSizeRel|x64.Build.0 = MinSizeRel|x64
		{08399401-E76B-39A2-A36C-6EE7AE0CDAB3}.Release|Win32.ActiveCfg = Release|x64
		{08399401-E76B-39A2-A36C-6EE7AE0CDAB3}.Release|Win32.Build.0 = Release|x64
		{08399401-E76B-39A2-A36C-6EE7AE0CDAB3}.Release|x64.ActiveCfg = Release|x64
		{08399401-E76B-39A2-A36C-6EE7AE0CDAB3}.Release|x64.Build.0 = Release|x64
		{08399401-E76B-39A2-A36C-6EE7AE0CDAB3}.RelWithDebInfo|Win32.ActiveCfg = RelWithDebInfo|x64
		{08399401-E76B-39A2-A36C-6EE7AE0CDAB3}.RelWithDebInfo|Win32.Build.0 = RelWithDebInfo|x64
		{08399401-E76B-39A2-A36C-6EE7AE0CDAB3}.RelWithDebInfo|x64.ActiveCfg = RelWithDebInfo|x64
		{08399401-E76B-39A2-A36C-6EE7AE0CDAB3}.RelWithDebInfo|x64.Build.0 = RelWithDebInfo|x64
		{603AD670-0701-3558-BE7F-C5BA0C8BF8F2}.Debug|Win32.ActiveCfg = Debug|x64
		{603AD670-0701-3558-BE7F-C5BA0C8BF8F2}.Debug|Win32.Build.0 = Debug|x64
		{603AD670-0701-3558-BE7F-C5BA0C8BF8F2}.Debug|x64.ActiveCfg = Debug|x64
		{603AD670-0701-3558-BE7F-C5BA0C8BF8F2}.Debug|x64.Build.0 = Debug|x64
		{603AD670-0701-3558-BE7F-C5BA0C8BF8F2}.MinSizeRel|Win32.ActiveCfg = MinSizeRel|x64
		{603AD670-0701-3558-BE7F-C5BA0C8BF8F2}.MinSizeRel|Win32.Build.0 = MinSizeRel|x64
		{603AD670-0701-3558-BE7F-C5BA0C8BF8F2}.MinSizeRel|x64.ActiveCfg = MinSizeRel|x64
		{603AD670-0701-3558-BE7F-C5BA0C8BF8F2}.MinSizeRel|x64.Build.0 = MinSizeRel|x64
		{603AD670-0701-3558-BE7F-C5BA0C8BF8F2}.Release|Win32.ActiveCfg = Release|x64
		{603AD670-0701-3558-BE7F-C5BA0C8BF8F2}.Release|Win32.Build.0 = Release|x64
		{603AD670-0701-3558-BE7F-C5BA0C8BF8F2}.Release|x64.ActiveCfg = Release|x64
		{603AD670-0701-3558-BE7F-C5BA0C8BF8F2}.Release|x64.Build.0 = Release|x64
		{603AD670-0701-3558-BE7F-C5BA0C8BF8F2}.RelWithDebInfo|Win32.ActiveCfg = RelWithDebInfo|x64
		{603AD670-0701-3558-BE7F-C5BA0C8BF8F2}.RelWithDebInfo|Win32.Build.0 = RelWithDebInfo|x64
		{603AD670-0701-3558-BE7F-C5BA0C8BF8F2}.RelWithDebInfo|x64.ActiveCfg = RelWithDebInfo|x64
		{603AD670-0701-3558-BE7F-C5BA0C8BF8F2}.RelWithDebInfo|x64.Build.0 = RelWithDebInfo|x64
		{6E10E4E5-0E1B-31D6-86C8-4AF1A10CE583}.Debug|Win32.ActiveCfg = Debug|x64
		{6E10E4E5-0E1B-31D6-86C8-4AF1A10CE583}.Debug|Win32.Build.0 = Debug|x64
		{6E10E4E5-0E1B-31D6-86C8-4AF1A10CE583}.Debug|x64.ActiveCfg = Debug|x64
		{6E10E4E5-0E1B-31D6-86C8-4AF1A10CE583}.Debug|x64.Build.0 = Debug|x64
		{6E10E4E5-0E1B-31D6-86C8-4AF1A10CE583}.MinSizeRel|Win32.ActiveCfg = MinSizeRel|x64
		{6E10E4E5-0E1B-31D6-86C8-4AF1A10CE583}.MinSizeRel|Win32.Build.0 = MinSizeRel|x64
		{6E10E4E5-0E1B-31D6-86C8-4AF1A10CE583}.MinSizeRel|x64.ActiveCfg = MinSizeRel|x64
		{6E10E4E5-0E1B-31D6-86C8-4AF1A10CE583}.MinSizeRel|x64.Build.0 = MinSizeRel|x64
		{6E10E4E5-0E1B-31D6-86C8-4AF1A10CE583}.Release|Win32.ActiveCfg = Release|x64
		{6E10E4E5-0E1B-31D6-86C8-4AF1A10CE583}.Release|Win32.Build.0 = Release|x64
		{6E10E4E5-0E1B-31D6-86C8-4AF1A10CE583}.Release|x64.ActiveCfg = Release|x64
		{6E10E4E5-0E1B-31D6-86C8-4AF1A10CE583}.Release|x64.Build.0 = Release|x64
		{6E10E4E5-0E1B-31D6-86C8-4AF1A10CE583}.RelWithDebInfo|Win32.ActiveCfg = RelWithDebInfo|x64
		{6E10E4E5-0E1B-31D6-86C8-4AF1A10CE583}.RelWithDebInfo|Win32.Build.0 = RelWithDebInfo|x64
		{6E10E4E5-0E1B-31D6-86C8-4AF1A10CE583}.RelWithDebInfo|x64.ActiveCfg = RelWithDebInfo|x64
		{6E10E4E5-0E1B-31D6-86C8-4AF1A10CE583}.RelWithDebInfo|x64.Build.0 = RelWithDebInfo|x64
		{C32CFC85-D4C2-3A9F-AB39-2D19117C1F72}.Debug|Win32.ActiveCfg = Debug|x64
		{C32CFC85-D4C2-3A9F-AB39-2D19117C1F72}.Debug|Win32.Build.0 = Debug|x64
		{C32CFC85-D4C2-3A9F-AB39-2D19117C1F72}.Debug|x64.ActiveCfg = Debug|x64
		{C32CFC85-D4C2-3A9F-AB39-2D19117C1F72}.Debug|x64.Build.0 = Debug|x64
		{C32CFC85-D4C2-3A9F-AB39-2D19117C1F72}.MinSizeRel|Win32.ActiveCfg = MinSizeRel|x64
		{C32CFC85-D4C2-3A9F-AB39-2D19117C1F72}.MinSizeRel|Win32.Build.0 = MinSizeRel|x64
		{C32CFC85-D4C2-3A9F-AB39-2D19117C1F72}.MinSizeRel|x64.ActiveCfg = MinSizeRel|x64
		{C32CFC85-D4C2-3A9F-AB39-2D19117C1F72}.MinSizeRel|x64.Build.0 = MinSizeRel|x64
		{C32CFC85-D4C2-3A9F-AB39-2D19117C1F72}.Release|Win32.ActiveCfg = Release|x64
		{C32CFC85-D4C2-3A9F-AB39-2D19117C1F72}.Release|Win32.Build.0 = Release|x64
		{C32CFC85-D4C2-3A9F-AB39-2D19117C1F72}.Release|x64.ActiveCfg = Release|x64
		{C32CFC85-D4C2-3A9F-AB39-2D19117C1F72}.Release|x64.Build.0 = Release|x64
		{C32CFC85-D4C2-3A9F-AB39-2D19117C1F72}.RelWithDebInfo|Win32.ActiveCfg = RelWithDebInfo|x64
		{C32CFC85-D4C2-3A9F-AB39-2D19117C1F72}.RelWithDebInfo|Win32.Build.0 = RelWithDebInfo|x64
		{C32CFC85-D4C2-3A9F-AB39-2D19117C1F72}.RelWithDebInfo|x64.ActiveCfg = RelWithDebInfo|x64
		{C32CFC85-D4C2-3A9F-AB39-2D19117C1F72}.RelWithDebInfo|x64.Build.0 = RelWithDebInfo|x64
	EndGlobalSection
	GlobalSection(SolutionProperties) = preSolution
		HideSolutionNode = FALSE
	EndGlobalSection
	GlobalSection(NestedProjects) = preSolution
		{29FA447F-814D-3496-8400-05FE5ABB909F} = {36F40851-485D-3587-9E2E-9C1610BDE4D6}
		{B5474219-AD36-3440-9090-8610E46AC01E} = {36F40851-485D-3587-9E2E-9C1610BDE4D6}
		{033F0C9C-F56A-3992-9D3F-16326D47AB2C} = {36F40851-485D-3587-9E2E-9C1610BDE4D6}
		{BE4B99D2-C655-305F-B00B-88DE088D2554} = {6EFF22AE-9FB9-3BA0-B5CF-6216D4A22922}
		{2C14178D-6460-39AD-9A36-2042CB72F3AB} = {6EFF22AE-9FB9-3BA0-B5CF-6216D4A22922}
		{08399401-E76B-39A2-A36C-6EE7AE0CDAB3} = {6EFF22AE-9FB9-3BA0-B5CF-6216D4A22922}
		{603AD670-0701-3558-BE7F-C5BA0C8BF8F2} = {6EFF22AE-9FB9-3BA0-B5CF-6216D4A22922}
		{6E10E4E5-0E1B-31D6-86C8-4AF1A10CE583} = {6EFF22AE-9FB9-3BA0-B5CF-6216D4A22922}
		{C32CFC85-D4C2-3A9F-AB39-2D19117C1F72} = {6EFF22AE-9FB9-3BA0-B5CF-6216D4A22922}
	EndGlobalSection
	GlobalSection(ExtensibilityGlobals) = postSolution
		SolutionGuid = {5F666A0D-A343-3368-9F20-84B9E064D1B3}
	EndGlobalSection
EndGlobal
